<?xml version="1.0" encoding="utf-8"?>
<Project ToolsVersion="4.0" xmlns="http://schemas.microsoft.com/developer/msbuild/2003">
  <ItemGroup>
    <Filter Include="Tracer">
      <UniqueIdentifier>{7a41d003-6664-4712-919e-d3906c835851}</UniqueIdentifier>
    </Filter>
    <Filter Include="Algorithm">
      <UniqueIdentifier>{2958ce6b-dc1d-4b0d-8883-b57f7d5ad7df}</UniqueIdentifier>
    </Filter>
    <Filter Include="BVH">
      <UniqueIdentifier>{326d3e80-4510-4cf4-b0f0-6a1eaa6445c6}</UniqueIdentifier>
    </Filter>
    <Filter Include="Common">
      <UniqueIdentifier>{b139bff7-c4b9-481a-9a0d-3406ef3942b3}</UniqueIdentifier>
    </Filter>
    <Filter Include="Light">
      <UniqueIdentifier>{fa274d7a-6d43-4995-beef-ddeb3c693553}</UniqueIdentifier>
    </Filter>
    <Filter Include="Material">
      <UniqueIdentifier>{955b84c0-4c18-4c6c-a7a0-d74dc537985f}</UniqueIdentifier>
    </Filter>
    <Filter Include="Shape">
      <UniqueIdentifier>{7e3f0884-4ffb-4cb5-9710-cb1a858866b6}</UniqueIdentifier>
    </Filter>
    <Filter Include="Transform">
      <UniqueIdentifier>{daa9f653-aaac-4a90-80a8-653491d1c148}</UniqueIdentifier>
    </Filter>
  </ItemGroup>
  <ItemGroup>
    <ClCompile Include="Camera.cpp">
      <Filter>Tracer</Filter>
    </ClCompile>
    <ClCompile Include="Ray.cpp">
      <Filter>Tracer</Filter>
    </ClCompile>
    <ClCompile Include="Scene.cpp">
      <Filter>Tracer</Filter>
    </ClCompile>
    <ClCompile Include="TraceManager.cpp">
      <Filter>Tracer</Filter>
    </ClCompile>
    <ClCompile Include="ViewPlane.cpp">
      <Filter>Tracer</Filter>
    </ClCompile>
    <ClCompile Include="Geometry.cpp">
      <Filter>Shape</Filter>
    </ClCompile>
    <ClCompile Include="Triangle.cpp">
      <Filter>Shape</Filter>
    </ClCompile>
    <ClCompile Include="Sphere.cpp">
      <Filter>Shape</Filter>
    </ClCompile>
    <ClCompile Include="BoxContainer.cpp">
      <Filter>BVH</Filter>
    </ClCompile>
    <ClCompile Include="BVHBuilder.cpp">
      <Filter>BVH</Filter>
    </ClCompile>
    <ClCompile Include="Container.cpp">
      <Filter>BVH</Filter>
    </ClCompile>
    <ClCompile Include="ContainerFactory.cpp">
      <Filter>BVH</Filter>
    </ClCompile>
    <ClCompile Include="SphereContainer.cpp">
      <Filter>BVH</Filter>
    </ClCompile>
    <ClCompile Include="Attenuation.cpp">
      <Filter>Light</Filter>
    </ClCompile>
    <ClCompile Include="DirectionalLight.cpp">
      <Filter>Light</Filter>
    </ClCompile>
    <ClCompile Include="Light.cpp">
      <Filter>Light</Filter>
    </ClCompile>
    <ClCompile Include="PointLight.cpp">
      <Filter>Light</Filter>
    </ClCompile>
    <ClCompile Include="Point3.cpp">
      <Filter>Common</Filter>
    </ClCompile>
    <ClCompile Include="Matrix.cpp">
      <Filter>Common</Filter>
    </ClCompile>
    <ClCompile Include="Vec3.cpp">
      <Filter>Common</Filter>
    </ClCompile>
    <ClCompile Include="Utils.cpp">
      <Filter>Common</Filter>
    </ClCompile>
    <ClCompile Include="RadixSort.cpp">
      <Filter>Algorithm</Filter>
    </ClCompile>
    <ClCompile Include="Material.cpp">
      <Filter>Material</Filter>
    </ClCompile>
    <ClCompile Include="MyColor.cpp">
      <Filter>Material</Filter>
    </ClCompile>
    <ClCompile Include="Rotation.cpp">
      <Filter>Transform</Filter>
    </ClCompile>
    <ClCompile Include="Scaling.cpp">
      <Filter>Transform</Filter>
    </ClCompile>
    <ClCompile Include="Transform.cpp">
      <Filter>Transform</Filter>
    </ClCompile>
    <ClCompile Include="Translation.cpp">
      <Filter>Transform</Filter>
    </ClCompile>
    <ClCompile Include="RayManager.cpp">
      <Filter>Tracer</Filter>
    </ClCompile>
    <ClCompile Include="Program.cu" />
    <ClCompile Include="Data3D.cpp">
      <Filter>Common</Filter>
    </ClCompile>
  </ItemGroup>
  <ItemGroup>
    <ClInclude Include="Camera.h">
      <Filter>Tracer</Filter>
    </ClInclude>
    <ClInclude Include="Ray.h">
      <Filter>Tracer</Filter>
    </ClInclude>
    <ClInclude Include="Scene.h">
      <Filter>Tracer</Filter>
    </ClInclude>
    <ClInclude Include="TraceManager.h">
      <Filter>Tracer</Filter>
    </ClInclude>
    <ClInclude Include="ViewPlane.h">
      <Filter>Tracer</Filter>
    </ClInclude>
    <ClInclude Include="Geometry.h">
      <Filter>Shape</Filter>
    </ClInclude>
    <ClInclude Include="Triangle.h">
      <Filter>Shape</Filter>
    </ClInclude>
    <ClInclude Include="Sphere.h">
      <Filter>Shape</Filter>
    </ClInclude>
    <ClInclude Include="BoxContainer.h">
      <Filter>BVH</Filter>
    </ClInclude>
    <ClInclude Include="BVHBuilder.h">
      <Filter>BVH</Filter>
    </ClInclude>
    <ClInclude Include="Container.h">
      <Filter>BVH</Filter>
    </ClInclude>
    <ClInclude Include="ContainerFactory.h">
      <Filter>BVH</Filter>
    </ClInclude>
    <ClInclude Include="SphereContainer.h">
      <Filter>BVH</Filter>
    </ClInclude>
    <ClInclude Include="Attenuation.h">
      <Filter>Light</Filter>
    </ClInclude>
    <ClInclude Include="DirectionalLight.h">
      <Filter>Light</Filter>
    </ClInclude>
    <ClInclude Include="Light.h">
      <Filter>Light</Filter>
    </ClInclude>
    <ClInclude Include="PointLight.h">
      <Filter>Light</Filter>
    </ClInclude>
    <ClInclude Include="Point3.h">
      <Filter>Common</Filter>
    </ClInclude>
    <ClInclude Include="Matrix.h">
      <Filter>Common</Filter>
    </ClInclude>
    <ClInclude Include="Vec3.h">
      <Filter>Common</Filter>
    </ClInclude>
    <ClInclude Include="Utils.h">
      <Filter>Common</Filter>
    </ClInclude>
    <ClInclude Include="RadixSort.h">
      <Filter>Algorithm</Filter>
    </ClInclude>
    <ClInclude Include="Material.h">
      <Filter>Material</Filter>
    </ClInclude>
    <ClInclude Include="MyColor.h">
      <Filter>Material</Filter>
    </ClInclude>
    <ClInclude Include="Rotation.h">
      <Filter>Transform</Filter>
    </ClInclude>
    <ClInclude Include="Scaling.h">
      <Filter>Transform</Filter>
    </ClInclude>
    <ClInclude Include="Transform.h">
      <Filter>Transform</Filter>
    </ClInclude>
    <ClInclude Include="Translation.h">
      <Filter>Transform</Filter>
    </ClInclude>
    <ClInclude Include="RayManager.h">
      <Filter>Tracer</Filter>
    </ClInclude>
    <ClInclude Include="Data3D.h">
      <Filter>Common</Filter>
    </ClInclude>
  </ItemGroup>
  <ItemGroup>
    <None Include="ClassDiagram.cd" />
  </ItemGroup>
</Project>